
Microsoft Visual Studio Solution File, Format Version 12.00
# Visual Studio 15
VisualStudioVersion = 15.0.27703.2026
MinimumVisualStudioVersion = 10.0.40219.1
Project("{2150E333-8FDC-42A3-9474-1A3956D46DE8}") = "source", "source", "{562425D1-9333-402C-8A08-EC58E8485845}"
EndProject
Project("{9A19103F-16F7-4668-BE54-9A1E7A4F7556}") = "IDScan.Domain", "source\IDScan.Domain\IDScan.Domain.csproj", "{9C475BB7-18D1-475D-AD4A-884EF25ACFD9}"
EndProject
Project("{2150E333-8FDC-42A3-9474-1A3956D46DE8}") = "tests", "tests", "{11965B7C-D871-47AB-9C39-5356EC795036}"
EndProject
Project("{9A19103F-16F7-4668-BE54-9A1E7A4F7556}") = "IDScan.Domain.Tests", "tests\IDScan.Domain.Tests\IDScan.Domain.Tests.csproj", "{5FE45555-0005-4B72-B59B-07806D382418}"
EndProject
Project("{9A19103F-16F7-4668-BE54-9A1E7A4F7556}") = "IDScan.UseCases.Tests", "tests\IDScan.UseCases.Tests\IDScan.UseCases.Tests.csproj", "{1E4038A6-E535-474F-AA20-D417E3C1FF41}"
EndProject
Project("{9A19103F-16F7-4668-BE54-9A1E7A4F7556}") = "IDScan.WebApi", "source\IDScan.WebApi\IDScan.WebApi.csproj", "{93993FC5-91AF-4D55-A1B9-AA490F306F6C}"
EndProject
Project("{9A19103F-16F7-4668-BE54-9A1E7A4F7556}") = "IDScan.WebApi.Tests", "tests\IDScan.WebApi.Tests\IDScan.WebApi.Tests.csproj", "{7AB9308D-0EBE-45D0-859F-9414988230BA}"
EndProject
Project("{FAE04EC0-301F-11D3-BF4B-00C04F79EFBC}") = "IDScan.ViewModel", "IDScan.ViewModel\IDScan.ViewModel.csproj", "{85F02954-B0E5-4B4C-AF67-36231F676B46}"
EndProject
Project("{FAE04EC0-301F-11D3-BF4B-00C04F79EFBC}") = "IDScan.Common", "IDScan.Common\IDScan.Common.csproj", "{76EC845F-D71C-4374-A79C-90F1EFCECD46}"
EndProject
Project("{FAE04EC0-301F-11D3-BF4B-00C04F79EFBC}") = "IDScan.Application", "source\IDScan.Application\IDScan.Application.csproj", "{44A711CC-1BA9-4273-B9F9-69A8CCEDC68A}"
EndProject
Project("{FAE04EC0-301F-11D3-BF4B-00C04F79EFBC}") = "IDScan.Infrastructure", "source\IDScan.Infrastructure\IDScan.Infrastructure.csproj", "{4A35E144-78BA-45C7-8C76-4DAC81F8D4A2}"
EndProject
Global
	GlobalSection(SolutionConfigurationPlatforms) = preSolution
		Debug|Any CPU = Debug|Any CPU
		Release|Any CPU = Release|Any CPU
	EndGlobalSection
	GlobalSection(ProjectConfigurationPlatforms) = postSolution
		{9C475BB7-18D1-475D-AD4A-884EF25ACFD9}.Debug|Any CPU.ActiveCfg = Debug|Any CPU
		{9C475BB7-18D1-475D-AD4A-884EF25ACFD9}.Debug|Any CPU.Build.0 = Debug|Any CPU
		{9C475BB7-18D1-475D-AD4A-884EF25ACFD9}.Release|Any CPU.ActiveCfg = Release|Any CPU
		{9C475BB7-18D1-475D-AD4A-884EF25ACFD9}.Release|Any CPU.Build.0 = Release|Any CPU
		{5FE45555-0005-4B72-B59B-07806D382418}.Debug|Any CPU.ActiveCfg = Debug|Any CPU
		{5FE45555-0005-4B72-B59B-07806D382418}.Debug|Any CPU.Build.0 = Debug|Any CPU
		{5FE45555-0005-4B72-B59B-07806D382418}.Release|Any CPU.ActiveCfg = Release|Any CPU
		{5FE45555-0005-4B72-B59B-07806D382418}.Release|Any CPU.Build.0 = Release|Any CPU
		{1E4038A6-E535-474F-AA20-D417E3C1FF41}.Debug|Any CPU.ActiveCfg = Debug|Any CPU
		{1E4038A6-E535-474F-AA20-D417E3C1FF41}.Debug|Any CPU.Build.0 = Debug|Any CPU
		{1E4038A6-E535-474F-AA20-D417E3C1FF41}.Release|Any CPU.ActiveCfg = Release|Any CPU
		{1E4038A6-E535-474F-AA20-D417E3C1FF41}.Release|Any CPU.Build.0 = Release|Any CPU
		{93993FC5-91AF-4D55-A1B9-AA490F306F6C}.Debug|Any CPU.ActiveCfg = Debug|Any CPU
		{93993FC5-91AF-4D55-A1B9-AA490F306F6C}.Debug|Any CPU.Build.0 = Debug|Any CPU
		{93993FC5-91AF-4D55-A1B9-AA490F306F6C}.Release|Any CPU.ActiveCfg = Release|Any CPU
		{93993FC5-91AF-4D55-A1B9-AA490F306F6C}.Release|Any CPU.Build.0 = Release|Any CPU
		{7AB9308D-0EBE-45D0-859F-9414988230BA}.Debug|Any CPU.ActiveCfg = Debug|Any CPU
		{7AB9308D-0EBE-45D0-859F-9414988230BA}.Debug|Any CPU.Build.0 = Debug|Any CPU
		{7AB9308D-0EBE-45D0-859F-9414988230BA}.Release|Any CPU.ActiveCfg = Release|Any CPU
		{7AB9308D-0EBE-45D0-859F-9414988230BA}.Release|Any CPU.Build.0 = Release|Any CPU
		{85F02954-B0E5-4B4C-AF67-36231F676B46}.Debug|Any CPU.ActiveCfg = Debug|Any CPU
		{85F02954-B0E5-4B4C-AF67-36231F676B46}.Debug|Any CPU.Build.0 = Debug|Any CPU
		{85F02954-B0E5-4B4C-AF67-36231F676B46}.Release|Any CPU.ActiveCfg = Release|Any CPU
		{85F02954-B0E5-4B4C-AF67-36231F676B46}.Release|Any CPU.Build.0 = Release|Any CPU
		{76EC845F-D71C-4374-A79C-90F1EFCECD46}.Debug|Any CPU.ActiveCfg = Debug|Any CPU
		{76EC845F-D71C-4374-A79C-90F1EFCECD46}.Debug|Any CPU.Build.0 = Debug|Any CPU
		{76EC845F-D71C-4374-A79C-90F1EFCECD46}.Release|Any CPU.ActiveCfg = Release|Any CPU
		{76EC845F-D71C-4374-A79C-90F1EFCECD46}.Release|Any CPU.Build.0 = Release|Any CPU
		{44A711CC-1BA9-4273-B9F9-69A8CCEDC68A}.Debug|Any CPU.ActiveCfg = Debug|Any CPU
		{44A711CC-1BA9-4273-B9F9-69A8CCEDC68A}.Debug|Any CPU.Build.0 = Debug|Any CPU
		{44A711CC-1BA9-4273-B9F9-69A8CCEDC68A}.Release|Any CPU.ActiveCfg = Release|Any CPU
		{44A711CC-1BA9-4273-B9F9-69A8CCEDC68A}.Release|Any CPU.Build.0 = Release|Any CPU
		{4A35E144-78BA-45C7-8C76-4DAC81F8D4A2}.Debug|Any CPU.ActiveCfg = Debug|Any CPU
		{4A35E144-78BA-45C7-8C76-4DAC81F8D4A2}.Debug|Any CPU.Build.0 = Debug|Any CPU
		{4A35E144-78BA-45C7-8C76-4DAC81F8D4A2}.Release|Any CPU.ActiveCfg = Release|Any CPU
		{4A35E144-78BA-45C7-8C76-4DAC81F8D4A2}.Release|Any CPU.Build.0 = Release|Any CPU
	EndGlobalSection
	GlobalSection(SolutionProperties) = preSolution
		HideSolutionNode = FALSE
	EndGlobalSection
	GlobalSection(NestedProjects) = preSolution
		{9C475BB7-18D1-475D-AD4A-884EF25ACFD9} = {562425D1-9333-402C-8A08-EC58E8485845}
		{5FE45555-0005-4B72-B59B-07806D382418} = {11965B7C-D871-47AB-9C39-5356EC795036}
		{1E4038A6-E535-474F-AA20-D417E3C1FF41} = {11965B7C-D871-47AB-9C39-5356EC795036}
		{93993FC5-91AF-4D55-A1B9-AA490F306F6C} = {562425D1-9333-402C-8A08-EC58E8485845}
		{7AB9308D-0EBE-45D0-859F-9414988230BA} = {11965B7C-D871-47AB-9C39-5356EC795036}
		{85F02954-B0E5-4B4C-AF67-36231F676B46} = {562425D1-9333-402C-8A08-EC58E8485845}
		{76EC845F-D71C-4374-A79C-90F1EFCECD46} = {562425D1-9333-402C-8A08-EC58E8485845}
		{44A711CC-1BA9-4273-B9F9-69A8CCEDC68A} = {562425D1-9333-402C-8A08-EC58E8485845}
		{4A35E144-78BA-45C7-8C76-4DAC81F8D4A2} = {562425D1-9333-402C-8A08-EC58E8485845}
	EndGlobalSection
	GlobalSection(ExtensibilityGlobals) = postSolution
		SolutionGuid = {DC349723-BBD9-489D-AD16-3840B6FF197F}
	EndGlobalSection
EndGlobal
